
Microsoft Visual Studio Solution File, Format Version 12.00
# Visual Studio Version 17
VisualStudioVersion = 17.8.34309.116
MinimumVisualStudioVersion = 10.0.40219.1
Project("{FAE04EC0-301F-11D3-BF4B-00C04F79EFBC}") = "WinFormsApp2", "WinFormsApp2.csproj", "{95855018-87A2-4933-8D26-38503D240D8A}"
EndProject
Global
	GlobalSection(SolutionConfigurationPlatforms) = preSolution
		Debug|Any CPU = Debug|Any CPU
		Release|Any CPU = Release|Any CPU
	EndGlobalSection
	GlobalSection(ProjectConfigurationPlatforms) = postSolution
		{95855018-87A2-4933-8D26-38503D240D8A}.Debug|Any CPU.ActiveCfg = Debug|Any CPU
		{95855018-87A2-4933-8D26-38503D240D8A}.Debug|Any CPU.Build.0 = Debug|Any CPU
		{95855018-87A2-4933-8D26-38503D240D8A}.Release|Any CPU.ActiveCfg = Release|Any CPU
		{95855018-87A2-4933-8D26-38503D240D8A}.Release|Any CPU.Build.0 = Release|Any CPU
	EndGlobalSection
	GlobalSection(SolutionProperties) = preSolution
		HideSolutionNode = FALSE
	EndGlobalSection
	GlobalSection(ExtensibilityGlobals) = postSolution
		SolutionGuid = {892D49DB-E356-4570-8C57-93FDA1215802}
	EndGlobalSection
EndGlobal
